
Microsoft Visual Studio Solution File, Format Version 12.00
# Visual Studio Version 16
VisualStudioVersion = 16.0.29215.179
MinimumVisualStudioVersion = 10.0.40219.1
Project("{FAE04EC0-301F-11D3-BF4B-00C04F79EFBC}") = "MovieShop", "MovieShop\MovieShop.csproj", "{6D515543-B6FA-4533-85E1-A62C954E967F}"
EndProject
Project("{FAE04EC0-301F-11D3-BF4B-00C04F79EFBC}") = "CommerceManager", "..\CommerceManager\CommerceManager.csproj", "{DBF35364-8000-4335-B4C4-DD1E486D303E}"
EndProject
Project("{FAE04EC0-301F-11D3-BF4B-00C04F79EFBC}") = "NLPLib", "NLPLib\NLPLib.csproj", "{2BD9C206-E37F-4335-AE7C-92DE7308C882}"
EndProject
Project("{FAE04EC0-301F-11D3-BF4B-00C04F79EFBC}") = "CommonLib", "CommonLib\CommonLib.csproj", "{1B7F19D7-9904-4398-9848-BE8AB520300D}"
EndProject
Project("{FAE04EC0-301F-11D3-BF4B-00C04F79EFBC}") = "NLPLibTest", "NLPLibTest\NLPLibTest.csproj", "{E94234BD-FC55-4630-BB0C-616B6E7DFA20}"
EndProject
Global
	GlobalSection(SolutionConfigurationPlatforms) = preSolution
		Debug|Any CPU = Debug|Any CPU
		Release|Any CPU = Release|Any CPU
	EndGlobalSection
	GlobalSection(ProjectConfigurationPlatforms) = postSolution
		{6D515543-B6FA-4533-85E1-A62C954E967F}.Debug|Any CPU.ActiveCfg = Debug|Any CPU
		{6D515543-B6FA-4533-85E1-A62C954E967F}.Debug|Any CPU.Build.0 = Debug|Any CPU
		{6D515543-B6FA-4533-85E1-A62C954E967F}.Release|Any CPU.ActiveCfg = Release|Any CPU
		{6D515543-B6FA-4533-85E1-A62C954E967F}.Release|Any CPU.Build.0 = Release|Any CPU
		{DBF35364-8000-4335-B4C4-DD1E486D303E}.Debug|Any CPU.ActiveCfg = Debug|Any CPU
		{DBF35364-8000-4335-B4C4-DD1E486D303E}.Debug|Any CPU.Build.0 = Debug|Any CPU
		{DBF35364-8000-4335-B4C4-DD1E486D303E}.Release|Any CPU.ActiveCfg = Release|Any CPU
		{DBF35364-8000-4335-B4C4-DD1E486D303E}.Release|Any CPU.Build.0 = Release|Any CPU
		{2BD9C206-E37F-4335-AE7C-92DE7308C882}.Debug|Any CPU.ActiveCfg = Debug|Any CPU
		{2BD9C206-E37F-4335-AE7C-92DE7308C882}.Debug|Any CPU.Build.0 = Debug|Any CPU
		{2BD9C206-E37F-4335-AE7C-92DE7308C882}.Release|Any CPU.ActiveCfg = Release|Any CPU
		{2BD9C206-E37F-4335-AE7C-92DE7308C882}.Release|Any CPU.Build.0 = Release|Any CPU
		{1B7F19D7-9904-4398-9848-BE8AB520300D}.Debug|Any CPU.ActiveCfg = Debug|Any CPU
		{1B7F19D7-9904-4398-9848-BE8AB520300D}.Debug|Any CPU.Build.0 = Debug|Any CPU
		{1B7F19D7-9904-4398-9848-BE8AB520300D}.Release|Any CPU.ActiveCfg = Release|Any CPU
		{1B7F19D7-9904-4398-9848-BE8AB520300D}.Release|Any CPU.Build.0 = Release|Any CPU
		{E94234BD-FC55-4630-BB0C-616B6E7DFA20}.Debug|Any CPU.ActiveCfg = Debug|Any CPU
		{E94234BD-FC55-4630-BB0C-616B6E7DFA20}.Debug|Any CPU.Build.0 = Debug|Any CPU
		{E94234BD-FC55-4630-BB0C-616B6E7DFA20}.Release|Any CPU.ActiveCfg = Release|Any CPU
		{E94234BD-FC55-4630-BB0C-616B6E7DFA20}.Release|Any CPU.Build.0 = Release|Any CPU
	EndGlobalSection
	GlobalSection(SolutionProperties) = preSolution
		HideSolutionNode = FALSE
	EndGlobalSection
	GlobalSection(ExtensibilityGlobals) = postSolution
		SolutionGuid = {3521A475-BB7B-4E5F-8224-5F60C157768D}
	EndGlobalSection
EndGlobal
