
Microsoft Visual Studio Solution File, Format Version 12.00
# Visual Studio Version 16
VisualStudioVersion = 16.0.29215.179
MinimumVisualStudioVersion = 10.0.40219.1
Project("{FAE04EC0-301F-11D3-BF4B-00C04F79EFBC}") = "EpiserverCookBook", "EpiserverCookBook\EpiserverCookBook.csproj", "{2F934987-F2C0-40CD-89F8-AD165012E5B1}"
EndProject
Global
	GlobalSection(SolutionConfigurationPlatforms) = preSolution
		Debug|Any CPU = Debug|Any CPU
		Release|Any CPU = Release|Any CPU
	EndGlobalSection
	GlobalSection(ProjectConfigurationPlatforms) = postSolution
		{2F934987-F2C0-40CD-89F8-AD165012E5B1}.Debug|Any CPU.ActiveCfg = Debug|Any CPU
		{2F934987-F2C0-40CD-89F8-AD165012E5B1}.Debug|Any CPU.Build.0 = Debug|Any CPU
		{2F934987-F2C0-40CD-89F8-AD165012E5B1}.Release|Any CPU.ActiveCfg = Release|Any CPU
		{2F934987-F2C0-40CD-89F8-AD165012E5B1}.Release|Any CPU.Build.0 = Release|Any CPU
	EndGlobalSection
	GlobalSection(SolutionProperties) = preSolution
		HideSolutionNode = FALSE
	EndGlobalSection
	GlobalSection(ExtensibilityGlobals) = postSolution
		SolutionGuid = {F254C403-A13E-4401-AF62-C0B05A49B6AA}
	EndGlobalSection
EndGlobal
